// !$*UTF8*$!
{
	archiveVersion = 1;
	classes = {
	};
	objectVersion = 50;
	objects = {

/* Begin PBXBuildFile section */
		52E76091212D739D00137843 /* AppDelegate.swift in Sources */ = {isa = PBXBuildFile; fileRef = 52E76090212D739D00137843 /* AppDelegate.swift */; };
		52E76093212D739D00137843 /* ViewController.swift in Sources */ = {isa = PBXBuildFile; fileRef = 52E76092212D739D00137843 /* ViewController.swift */; };
		52E76096212D739D00137843 /* Main.storyboard in Resources */ = {isa = PBXBuildFile; fileRef = 52E76094212D739D00137843 /* Main.storyboard */; };
		52E76098212D739F00137843 /* Assets.xcassets in Resources */ = {isa = PBXBuildFile; fileRef = 52E76097212D739F00137843 /* Assets.xcassets */; };
		52E7609B212D739F00137843 /* LaunchScreen.storyboard in Resources */ = {isa = PBXBuildFile; fileRef = 52E76099212D739F00137843 /* LaunchScreen.storyboard */; };
		52E760A5212D74A000137843 /* Intents.framework in Frameworks */ = {isa = PBXBuildFile; fileRef = 52E760A4212D74A000137843 /* Intents.framework */; };
/* End PBXBuildFile section */

/* Begin PBXFileReference section */
		52E7608D212D739D00137843 /* siri shortcut tryout.app */ = {isa = PBXFileReference; explicitFileType = wrapper.application; includeInIndex = 0; path = "siri shortcut tryout.app"; sourceTree = BUILT_PRODUCTS_DIR; };
		52E76090212D739D00137843 /* AppDelegate.swift */ = {isa = PBXFileReference; lastKnownFileType = sourcecode.swift; path = AppDelegate.swift; sourceTree = "<group>"; };
		52E76092212D739D00137843 /* ViewController.swift */ = {isa = PBXFileReference; lastKnownFileType = sourcecode.swift; path = ViewController.swift; sourceTree = "<group>"; };
		52E76095212D739D00137843 /* Base */ = {isa = PBXFileReference; lastKnownFileType = file.storyboard; name = Base; path = Base.lproj/Main.storyboard; sourceTree = "<group>"; };
		52E76097212D739F00137843 /* Assets.xcassets */ = {isa = PBXFileReference; lastKnownFileType = folder.assetcatalog; path = Assets.xcassets; sourceTree = "<group>"; };
		52E7609A212D739F00137843 /* Base */ = {isa = PBXFileReference; lastKnownFileType = file.storyboard; name = Base; path = Base.lproj/LaunchScreen.storyboard; sourceTree = "<group>"; };
		52E7609C212D739F00137843 /* Info.plist */ = {isa = PBXFileReference; lastKnownFileType = text.plist.xml; path = Info.plist; sourceTree = "<group>"; };
		52E760A2212D73BC00137843 /* siri shortcut tryout.entitlements */ = {isa = PBXFileReference; lastKnownFileType = text.plist.entitlements; path = "siri shortcut tryout.entitlements"; sourceTree = "<group>"; };
		52E760A4212D74A000137843 /* Intents.framework */ = {isa = PBXFileReference; lastKnownFileType = wrapper.framework; name = Intents.framework; path = System/Library/Frameworks/Intents.framework; sourceTree = SDKROOT; };
/* End PBXFileReference section */

/* Begin PBXFrameworksBuildPhase section */
		52E7608A212D739D00137843 /* Frameworks */ = {
			isa = PBXFrameworksBuildPhase;
			buildActionMask = 2147483647;
			files = (
				52E760A5212D74A000137843 /* Intents.framework in Frameworks */,
			);
			runOnlyForDeploymentPostprocessing = 0;
		};
/* End PBXFrameworksBuildPhase section */

/* Begin PBXGroup section */
		52E76084212D739D00137843 = {
			isa = PBXGroup;
			children = (
				52E7608F212D739D00137843 /* siri shortcut tryout */,
				52E7608E212D739D00137843 /* Products */,
				52E760A3212D74A000137843 /* Frameworks */,
			);
			sourceTree = "<group>";
		};
		52E7608E212D739D00137843 /* Products */ = {
			isa = PBXGroup;
			children = (
				52E7608D212D739D00137843 /* siri shortcut tryout.app */,
			);
			name = Products;
			sourceTree = "<group>";
		};
		52E7608F212D739D00137843 /* siri shortcut tryout */ = {
			isa = PBXGroup;
			children = (
				52E760A2212D73BC00137843 /* siri shortcut tryout.entitlements */,
				52E76090212D739D00137843 /* AppDelegate.swift */,
				52E76092212D739D00137843 /* ViewController.swift */,
				52E76094212D739D00137843 /* Main.storyboard */,
				52E76097212D739F00137843 /* Assets.xcassets */,
				52E76099212D739F00137843 /* LaunchScreen.storyboard */,
				52E7609C212D739F00137843 /* Info.plist */,
			);
			path = "siri shortcut tryout";
			sourceTree = "<group>";
		};
		52E760A3212D74A000137843 /* Frameworks */ = {
			isa = PBXGroup;
			children = (
				52E760A4212D74A000137843 /* Intents.framework */,
			);
			name = Frameworks;
			sourceTree = "<group>";
		};
/* End PBXGroup section */

/* Begin PBXNativeTarget section */
		52E7608C212D739D00137843 /* siri shortcut tryout */ = {
			isa = PBXNativeTarget;
			buildConfigurationList = 52E7609F212D739F00137843 /* Build configuration list for PBXNativeTarget "siri shortcut tryout" */;
			buildPhases = (
				52E76089212D739D00137843 /* Sources */,
				52E7608A212D739D00137843 /* Frameworks */,
				52E7608B212D739D00137843 /* Resources */,
			);
			buildRules = (
			);
			dependencies = (
			);
			name = "siri shortcut tryout";
			productName = "siri shortcut tryout";
			productReference = 52E7608D212D739D00137843 /* siri shortcut tryout.app */;
			productType = "com.apple.product-type.application";
		};
/* End PBXNativeTarget section */

/* Begin PBXProject section */
		52E76085212D739D00137843 /* Project object */ = {
			isa = PBXProject;
			attributes = {
				LastSwiftUpdateCheck = 1000;
				LastUpgradeCheck = 1000;
				ORGANIZATIONNAME = "Teerasej Jiraphatchandej";
				TargetAttributes = {
					52E7608C212D739D00137843 = {
						CreatedOnToolsVersion = 10.0;
						SystemCapabilities = {
							com.apple.Siri = {
								enabled = 1;
							};
						};
					};
				};
			};
			buildConfigurationList = 52E76088212D739D00137843 /* Build configuration list for PBXProject "siri shortcut tryout" */;
			compatibilityVersion = "Xcode 9.3";
			developmentRegion = en;
			hasScannedForEncodings = 0;
			knownRegions = (
				en,
				Base,
			);
			mainGroup = 52E76084212D739D00137843;
			productRefGroup = 52E7608E212D739D00137843 /* Products */;
			projectDirPath = "";
			projectRoot = "";
			targets = (
				52E7608C212D739D00137843 /* siri shortcut tryout */,
			);
		};
/* End PBXProject section */

/* Begin PBXResourcesBuildPhase section */
		52E7608B212D739D00137843 /* Resources */ = {
			isa = PBXResourcesBuildPhase;
			buildActionMask = 2147483647;
			files = (
				52E7609B212D739F00137843 /* LaunchScreen.storyboard in Resources */,
				52E76098212D739F00137843 /* Assets.xcassets in Resources */,
				52E76096212D739D00137843 /* Main.storyboard in Resources */,
			);
			runOnlyForDeploymentPostprocessing = 0;
		};
/* End PBXResourcesBuildPhase section */

/* Begin PBXSourcesBuildPhase section */
		52E76089212D739D00137843 /* Sources */ = {
			isa = PBXSourcesBuildPhase;
			buildActionMask = 2147483647;
			files = (
				52E76093212D739D00137843 /* ViewController.swift in Sources */,
				52E76091212D739D00137843 /* AppDelegate.swift in Sources */,
			);
			runOnlyForDeploymentPostprocessing = 0;
		};
/* End PBXSourcesBuildPhase section */

/* Begin PBXVariantGroup section */
		52E76094212D739D00137843 /* Main.storyboard */ = {
			isa = PBXVariantGroup;
			children = (
				52E76095212D739D00137843 /* Base */,
			);
			name = Main.storyboard;
			sourceTree = "<group>";
		};
		52E76099212D739F00137843 /* LaunchScreen.storyboard */ = {
			isa = PBXVariantGroup;
			children = (
				52E7609A212D739F00137843 /* Base */,
			);
			name = LaunchScreen.storyboard;
			sourceTree = "<group>";
		};
/* End PBXVariantGroup section */

/* Begin XCBuildConfiguration section */
		52E7609D212D739F00137843 /* Debug */ = {
			isa = XCBuildConfiguration;
			buildSettings = {
				ALWAYS_SEARCH_USER_PATHS = NO;
				CLANG_ANALYZER_NONNULL = YES;
				CLANG_ANALYZER_NUMBER_OBJECT_CONVERSION = YES_AGGRESSIVE;
				CLANG_CXX_LANGUAGE_STANDARD = "gnu++14";
				CLANG_CXX_LIBRARY = "libc++";
				CLANG_ENABLE_MODULES = YES;
				CLANG_ENABLE_OBJC_ARC = YES;
				CLANG_ENABLE_OBJC_WEAK = YES;
				CLANG_WARN_BLOCK_CAPTURE_AUTORELEASING = YES;
				CLANG_WARN_BOOL_CONVERSION = YES;
				CLANG_WARN_COMMA = YES;
				CLANG_WARN_CONSTANT_CONVERSION = YES;
				CLANG_WARN_DEPRECATED_OBJC_IMPLEMENTATIONS = YES;
				CLANG_WARN_DIRECT_OBJC_ISA_USAGE = YES_ERROR;
				CLANG_WARN_DOCUMENTATION_COMMENTS = YES;
				CLANG_WARN_EMPTY_BODY = YES;
				CLANG_WARN_ENUM_CONVERSION = YES;
				CLANG_WARN_INFINITE_RECURSION = YES;
				CLANG_WARN_INT_CONVERSION = YES;
				CLANG_WARN_NON_LITERAL_NULL_CONVERSION = YES;
				CLANG_WARN_OBJC_IMPLICIT_RETAIN_SELF = YES;
				CLANG_WARN_OBJC_LITERAL_CONVERSION = YES;
				CLANG_WARN_OBJC_ROOT_CLASS = YES_ERROR;
				CLANG_WARN_RANGE_LOOP_ANALYSIS = YES;
				CLANG_WARN_STRICT_PROTOTYPES = YES;
				CLANG_WARN_SUSPICIOUS_MOVE = YES;
				CLANG_WARN_UNGUARDED_AVAILABILITY = YES_AGGRESSIVE;
				CLANG_WARN_UNREACHABLE_CODE = YES;
				CLANG_WARN__DUPLICATE_METHOD_MATCH = YES;
				CODE_SIGN_IDENTITY = "iPhone Developer";
				COPY_PHASE_STRIP = NO;
				DEBUG_INFORMATION_FORMAT = dwarf;
				ENABLE_STRICT_OBJC_MSGSEND = YES;
				ENABLE_TESTABILITY = YES;
				GCC_C_LANGUAGE_STANDARD = gnu11;
				GCC_DYNAMIC_NO_PIC = NO;
				GCC_NO_COMMON_BLOCKS = YES;
				GCC_OPTIMIZATION_LEVEL = 0;
				GCC_PREPROCESSOR_DEFINITIONS = (
					"DEBUG=1",
					"$(inherited)",
				);
				GCC_WARN_64_TO_32_BIT_CONVERSION = YES;
				GCC_WARN_ABOUT_RETURN_TYPE = YES_ERROR;
				GCC_WARN_UNDECLARED_SELECTOR = YES;
				GCC_WARN_UNINITIALIZED_AUTOS = YES_AGGRESSIVE;
				GCC_WARN_UNUSED_FUNCTION = YES;
				GCC_WARN_UNUSED_VARIABLE = YES;
				IPHONEOS_DEPLOYMENT_TARGET = 12.0;
				MTL_ENABLE_DEBUG_INFO = INCLUDE_SOURCE;
				MTL_FAST_MATH = YES;
				ONLY_ACTIVE_ARCH = YES;
				SDKROOT = iphoneos;
				SWIFT_ACTIVE_COMPILATION_CONDITIONS = DEBUG;
				SWIFT_OPTIMIZATION_LEVEL = "-Onone";
			};
			name = Debug;
		};
		52E7609E212D739F00137843 /* Release */ = {
			isa = XCBuildConfiguration;
			buildSettings = {
				ALWAYS_SEARCH_USER_PATHS = NO;
				CLANG_ANALYZER_NONNULL = YES;
				CLANG_ANALYZER_NUMBER_OBJECT_CONVERSION = YES_AGGRESSIVE;
				CLANG_CXX_LANGUAGE_STANDARD = "gnu++14";
				CLANG_CXX_LIBRARY = "libc++";
				CLANG_ENABLE_MODULES = YES;
				CLANG_ENABLE_OBJC_ARC = YES;
				CLANG_ENABLE_OBJC_WEAK = YES;
				CLANG_WARN_BLOCK_CAPTURE_AUTORELEASING = YES;
				CLANG_WARN_BOOL_CONVERSION = YES;
				CLANG_WARN_COMMA = YES;
				CLANG_WARN_CONSTANT_CONVERSION = YES;
				CLANG_WARN_DEPRECATED_OBJC_IMPLEMENTATIONS = YES;
				CLANG_WARN_DIRECT_OBJC_ISA_USAGE = YES_ERROR;
				CLANG_WARN_DOCUMENTATION_COMMENTS = YES;
				CLANG_WARN_EMPTY_BODY = YES;
				CLANG_WARN_ENUM_CONVERSION = YES;
				CLANG_WARN_INFINITE_RECURSION = YES;
				CLANG_WARN_INT_CONVERSION = YES;
				CLANG_WARN_NON_LITERAL_NULL_CONVERSION = YES;
				CLANG_WARN_OBJC_IMPLICIT_RETAIN_SELF = YES;
				CLANG_WARN_OBJC_LITERAL_CONVERSION = YES;
				CLANG_WARN_OBJC_ROOT_CLASS = YES_ERROR;
				CLANG_WARN_RANGE_LOOP_ANALYSIS = YES;
				CLANG_WARN_STRICT_PROTOTYPES = YES;
				CLANG_WARN_SUSPICIOUS_MOVE = YES;
				CLANG_WARN_UNGUARDED_AVAILABILITY = YES_AGGRESSIVE;
				CLANG_WARN_UNREACHABLE_CODE = YES;
				CLANG_WARN__DUPLICATE_METHOD_MATCH = YES;
				CODE_SIGN_IDENTITY = "iPhone Developer";
				COPY_PHASE_STRIP = NO;
				DEBUG_INFORMATION_FORMAT = "dwarf-with-dsym";
				ENABLE_NS_ASSERTIONS = NO;
				ENABLE_STRICT_OBJC_MSGSEND = YES;
				GCC_C_LANGUAGE_STANDARD = gnu11;
				GCC_NO_COMMON_BLOCKS = YES;
				GCC_WARN_64_TO_32_BIT_CONVERSION = YES;
				GCC_WARN_ABOUT_RETURN_TYPE = YES_ERROR;
				GCC_WARN_UNDECLARED_SELECTOR = YES;
				GCC_WARN_UNINITIALIZED_AUTOS = YES_AGGRESSIVE;
				GCC_WARN_UNUSED_FUNCTION = YES;
				GCC_WARN_UNUSED_VARIABLE = YES;
				IPHONEOS_DEPLOYMENT_TARGET = 12.0;
				MTL_ENABLE_DEBUG_INFO = NO;
				MTL_FAST_MATH = YES;
				SDKROOT = iphoneos;
				SWIFT_COMPILATION_MODE = wholemodule;
				SWIFT_OPTIMIZATION_LEVEL = "-O";
				VALIDATE_PRODUCT = YES;
			};
			name = Release;
		};
		52E760A0212D739F00137843 /* Debug */ = {
			isa = XCBuildConfiguration;
			buildSettings = {
				ASSETCATALOG_COMPILER_APPICON_NAME = AppIcon;
				CODE_SIGN_ENTITLEMENTS = "siri shortcut tryout/siri shortcut tryout.entitlements";
				CODE_SIGN_STYLE = Automatic;
				DEVELOPMENT_TEAM = 7Z5PHSF7R6;
				INFOPLIST_FILE = "siri shortcut tryout/Info.plist";
				LD_RUNPATH_SEARCH_PATHS = (
					"$(inherited)",
					"@executable_path/Frameworks",
				);
				PRODUCT_BUNDLE_IDENTIFIER = "th.in.nextflow.siri-shortcut-tryout";
				PRODUCT_NAME = "$(TARGET_NAME)";
				SWIFT_VERSION = 4.2;
				TARGETED_DEVICE_FAMILY = "1,2";
			};
			name = Debug;
		};
		52E760A1212D739F00137843 /* Release */ = {
			isa = XCBuildConfiguration;
			buildSettings = {
				ASSETCATALOG_COMPILER_APPICON_NAME = AppIcon;
				CODE_SIGN_ENTITLEMENTS = "siri shortcut tryout/siri shortcut tryout.entitlements";
				CODE_SIGN_STYLE = Automatic;
				DEVELOPMENT_TEAM = 7Z5PHSF7R6;
				INFOPLIST_FILE = "siri shortcut tryout/Info.plist";
				LD_RUNPATH_SEARCH_PATHS = (
					"$(inherited)",
					"@executable_path/Frameworks",
				);
				PRODUCT_BUNDLE_IDENTIFIER = "th.in.nextflow.siri-shortcut-tryout";
				PRODUCT_NAME = "$(TARGET_NAME)";
				SWIFT_VERSION = 4.2;
				TARGETED_DEVICE_FAMILY = "1,2";
			};
			name = Release;
		};
/* End XCBuildConfiguration section */

/* Begin XCConfigurationList section */
		52E76088212D739D00137843 /* Build configuration list for PBXProject "siri shortcut tryout" */ = {
			isa = XCConfigurationList;
			buildConfigurations = (
				52E7609D212D739F00137843 /* Debug */,
				52E7609E212D739F00137843 /* Release */,
			);
			defaultConfigurationIsVisible = 0;
			defaultConfigurationName = Release;
		};
		52E7609F212D739F00137843 /* Build configuration list for PBXNativeTarget "siri shortcut tryout" */ = {
			isa = XCConfigurationList;
			buildConfigurations = (
				52E760A0212D739F00137843 /* Debug */,
				52E760A1212D739F00137843 /* Release */,
			);
			defaultConfigurationIsVisible = 0;
			defaultConfigurationName = Release;
		};
/* End XCConfigurationList section */
	};
	rootObject = 52E76085212D739D00137843 /* Project object */;
}
